
Microsoft Visual Studio Solution File, Format Version 12.00
# Visual Studio Version 16
VisualStudioVersion = 16.0.31229.75
MinimumVisualStudioVersion = 10.0.40219.1
Project("{FAE04EC0-301F-11D3-BF4B-00C04F79EFBC}") = "AdvertApi", "AdvertApi\AdvertApi.csproj", "{46861190-6C6A-473B-A28C-664673B5EEC1}"
EndProject
Project("{FAE04EC0-301F-11D3-BF4B-00C04F79EFBC}") = "AdvertApi.Models", "AdvertApi.Models\AdvertApi.Models.csproj", "{51BE94F4-8E15-4929-809E-CA6BA99677C8}"
EndProject
Global
	GlobalSection(SolutionConfigurationPlatforms) = preSolution
		Debug|Any CPU = Debug|Any CPU
		Release|Any CPU = Release|Any CPU
	EndGlobalSection
	GlobalSection(ProjectConfigurationPlatforms) = postSolution
		{46861190-6C6A-473B-A28C-664673B5EEC1}.Debug|Any CPU.ActiveCfg = Debug|Any CPU
		{46861190-6C6A-473B-A28C-664673B5EEC1}.Debug|Any CPU.Build.0 = Debug|Any CPU
		{46861190-6C6A-473B-A28C-664673B5EEC1}.Release|Any CPU.ActiveCfg = Release|Any CPU
		{46861190-6C6A-473B-A28C-664673B5EEC1}.Release|Any CPU.Build.0 = Release|Any CPU
		{51BE94F4-8E15-4929-809E-CA6BA99677C8}.Debug|Any CPU.ActiveCfg = Debug|Any CPU
		{51BE94F4-8E15-4929-809E-CA6BA99677C8}.Debug|Any CPU.Build.0 = Debug|Any CPU
		{51BE94F4-8E15-4929-809E-CA6BA99677C8}.Release|Any CPU.ActiveCfg = Release|Any CPU
		{51BE94F4-8E15-4929-809E-CA6BA99677C8}.Release|Any CPU.Build.0 = Release|Any CPU
	EndGlobalSection
	GlobalSection(SolutionProperties) = preSolution
		HideSolutionNode = FALSE
	EndGlobalSection
	GlobalSection(ExtensibilityGlobals) = postSolution
		SolutionGuid = {10B6CF3F-C1AF-48B3-A765-9E9DF2B7567F}
	EndGlobalSection
EndGlobal
